
Microsoft Visual Studio Solution File, Format Version 12.00
# Visual Studio 2013
VisualStudioVersion = 12.0.40629.0
MinimumVisualStudioVersion = 10.0.40219.1
Project("{FAE04EC0-301F-11D3-BF4B-00C04F79EFBC}") = "Skybrud.Umbraco.Redirects", "Skybrud.Umbraco.Redirects\Skybrud.Umbraco.Redirects.csproj", "{B58D18A7-AFDE-4EA5-B071-9E34BBADF532}"
EndProject
Project("{2150E333-8FDC-42A3-9474-1A3956D46DE8}") = "Solution Items", "Solution Items", "{CEEEBF65-93EE-47DF-8794-B7313BFDC517}"
	ProjectSection(SolutionItems) = preProject
		WebEssentials-Settings.json = WebEssentials-Settings.json
	EndProjectSection
EndProject
Global
	GlobalSection(SolutionConfigurationPlatforms) = preSolution
		Debug|Any CPU = Debug|Any CPU
		Release|Any CPU = Release|Any CPU
	EndGlobalSection
	GlobalSection(ProjectConfigurationPlatforms) = postSolution
		{B58D18A7-AFDE-4EA5-B071-9E34BBADF532}.Debug|Any CPU.ActiveCfg = Debug|Any CPU
		{B58D18A7-AFDE-4EA5-B071-9E34BBADF532}.Debug|Any CPU.Build.0 = Debug|Any CPU
		{B58D18A7-AFDE-4EA5-B071-9E34BBADF532}.Release|Any CPU.ActiveCfg = Release|Any CPU
		{B58D18A7-AFDE-4EA5-B071-9E34BBADF532}.Release|Any CPU.Build.0 = Release|Any CPU
	EndGlobalSection
	GlobalSection(SolutionProperties) = preSolution
		HideSolutionNode = FALSE
	EndGlobalSection
EndGlobal
