<Solution>
  <Folder Name="/Solution Items/">
    <File Path="../.gitignore" />
    <File Path="../debug.bat" />
    <File Path="../LICENSE.md" />
    <File Path="../NUGET.md" />
    <File Path="../README.md" />
    <File Path="../release.bat" />
  </Folder>
  <Project Path="Skybrud.Umbraco.Redirects/Skybrud.Umbraco.Redirects.csproj" />
</Solution>
