
Microsoft Visual Studio Solution File, Format Version 12.00
# Visual Studio 15
VisualStudioVersion = 15.0.28307.168
MinimumVisualStudioVersion = 10.0.40219.1
Project("{2150E333-8FDC-42A3-9474-1A3956D46DE8}") = "Solution Items", "Solution Items", "{CEEEBF65-93EE-47DF-8794-B7313BFDC517}"
	ProjectSection(SolutionItems) = preProject
		WebEssentials-Settings.json = WebEssentials-Settings.json
	EndProjectSection
EndProject
Project("{FAE04EC0-301F-11D3-BF4B-00C04F79EFBC}") = "Skybrud.Umbraco.Redirects", "Skybrud.Umbraco.Redirects\Skybrud.Umbraco.Redirects.csproj", "{73D1B9AD-6BCF-474C-98A2-4845C94C3D8C}"
EndProject
Global
	GlobalSection(SolutionConfigurationPlatforms) = preSolution
		Debug|Any CPU = Debug|Any CPU
		Release|Any CPU = Release|Any CPU
	EndGlobalSection
	GlobalSection(ProjectConfigurationPlatforms) = postSolution
		{73D1B9AD-6BCF-474C-98A2-4845C94C3D8C}.Debug|Any CPU.ActiveCfg = Debug|Any CPU
		{73D1B9AD-6BCF-474C-98A2-4845C94C3D8C}.Debug|Any CPU.Build.0 = Debug|Any CPU
		{73D1B9AD-6BCF-474C-98A2-4845C94C3D8C}.Release|Any CPU.ActiveCfg = Release|Any CPU
		{73D1B9AD-6BCF-474C-98A2-4845C94C3D8C}.Release|Any CPU.Build.0 = Release|Any CPU
	EndGlobalSection
	GlobalSection(SolutionProperties) = preSolution
		HideSolutionNode = FALSE
	EndGlobalSection
	GlobalSection(ExtensibilityGlobals) = postSolution
		SolutionGuid = {2D6FDF59-AFDF-4B09-8DF3-6B8938DDFC34}
	EndGlobalSection
EndGlobal
